
Microsoft Visual Studio Solution File, Format Version 12.00
# Visual Studio 15
VisualStudioVersion = 15.0.28307.438
MinimumVisualStudioVersion = 10.0.40219.1
Project("{FAE04EC0-301F-11D3-BF4B-00C04F79EFBC}") = "TCC_APP.Android", "TCC_APP\TCC_APP.Android\TCC_APP.Android.csproj", "{24CE3C36-16B9-426D-AA0C-5961ECF8D88C}"
EndProject
Project("{FAE04EC0-301F-11D3-BF4B-00C04F79EFBC}") = "TCC_APP.iOS", "TCC_APP\TCC_APP.iOS\TCC_APP.iOS.csproj", "{0A307641-ED7F-43F2-82A5-DF0B76E7AB7C}"
EndProject
Project("{FAE04EC0-301F-11D3-BF4B-00C04F79EFBC}") = "TCC_APP.UWP", "TCC_APP\TCC_APP.UWP\TCC_APP.UWP.csproj", "{62AFD8A7-C0E0-4208-91CF-BF73F2AAB809}"
EndProject
Project("{FAE04EC0-301F-11D3-BF4B-00C04F79EFBC}") = "TCC_APP", "TCC_APP\TCC_APP\TCC_APP.csproj", "{05FFF271-88AF-4D8B-B719-DD2B8BE8D11A}"
EndProject
Global
	GlobalSection(SolutionConfigurationPlatforms) = preSolution
		Debug|Any CPU = Debug|Any CPU
		Debug|ARM = Debug|ARM
		Debug|iPhone = Debug|iPhone
		Debug|iPhoneSimulator = Debug|iPhoneSimulator
		Debug|x64 = Debug|x64
		Debug|x86 = Debug|x86
		Release|Any CPU = Release|Any CPU
		Release|ARM = Release|ARM
		Release|iPhone = Release|iPhone
		Release|iPhoneSimulator = Release|iPhoneSimulator
		Release|x64 = Release|x64
		Release|x86 = Release|x86
	EndGlobalSection
	GlobalSection(ProjectConfigurationPlatforms) = postSolution
		{24CE3C36-16B9-426D-AA0C-5961ECF8D88C}.Debug|Any CPU.ActiveCfg = Debug|Any CPU
		{24CE3C36-16B9-426D-AA0C-5961ECF8D88C}.Debug|Any CPU.Build.0 = Debug|Any CPU
		{24CE3C36-16B9-426D-AA0C-5961ECF8D88C}.Debug|Any CPU.Deploy.0 = Debug|Any CPU
		{24CE3C36-16B9-426D-AA0C-5961ECF8D88C}.Debug|ARM.ActiveCfg = Debug|Any CPU
		{24CE3C36-16B9-426D-AA0C-5961ECF8D88C}.Debug|ARM.Build.0 = Debug|Any CPU
		{24CE3C36-16B9-426D-AA0C-5961ECF8D88C}.Debug|ARM.Deploy.0 = Debug|Any CPU
		{24CE3C36-16B9-426D-AA0C-5961ECF8D88C}.Debug|iPhone.ActiveCfg = Debug|Any CPU
		{24CE3C36-16B9-426D-AA0C-5961ECF8D88C}.Debug|iPhone.Build.0 = Debug|Any CPU
		{24CE3C36-16B9-426D-AA0C-5961ECF8D88C}.Debug|iPhone.Deploy.0 = Debug|Any CPU
		{24CE3C36-16B9-426D-AA0C-5961ECF8D88C}.Debug|iPhoneSimulator.ActiveCfg = Debug|Any CPU
		{24CE3C36-16B9-426D-AA0C-5961ECF8D88C}.Debug|iPhoneSimulator.Build.0 = Debug|Any CPU
		{24CE3C36-16B9-426D-AA0C-5961ECF8D88C}.Debug|iPhoneSimulator.Deploy.0 = Debug|Any CPU
		{24CE3C36-16B9-426D-AA0C-5961ECF8D88C}.Debug|x64.ActiveCfg = Debug|Any CPU
		{24CE3C36-16B9-426D-AA0C-5961ECF8D88C}.Debug|x64.Build.0 = Debug|Any CPU
		{24CE3C36-16B9-426D-AA0C-5961ECF8D88C}.Debug|x64.Deploy.0 = Debug|Any CPU
		{24CE3C36-16B9-426D-AA0C-5961ECF8D88C}.Debug|x86.ActiveCfg = Debug|Any CPU
		{24CE3C36-16B9-426D-AA0C-5961ECF8D88C}.Debug|x86.Build.0 = Debug|Any CPU
		{24CE3C36-16B9-426D-AA0C-5961ECF8D88C}.Debug|x86.Deploy.0 = Debug|Any CPU
		{24CE3C36-16B9-426D-AA0C-5961ECF8D88C}.Release|Any CPU.ActiveCfg = Release|Any CPU
		{24CE3C36-16B9-426D-AA0C-5961ECF8D88C}.Release|Any CPU.Build.0 = Release|Any CPU
		{24CE3C36-16B9-426D-AA0C-5961ECF8D88C}.Release|Any CPU.Deploy.0 = Release|Any CPU
		{24CE3C36-16B9-426D-AA0C-5961ECF8D88C}.Release|ARM.ActiveCfg = Release|Any CPU
		{24CE3C36-16B9-426D-AA0C-5961ECF8D88C}.Release|ARM.Build.0 = Release|Any CPU
		{24CE3C36-16B9-426D-AA0C-5961ECF8D88C}.Release|ARM.Deploy.0 = Release|Any CPU
		{24CE3C36-16B9-426D-AA0C-5961ECF8D88C}.Release|iPhone.ActiveCfg = Release|Any CPU
		{24CE3C36-16B9-426D-AA0C-5961ECF8D88C}.Release|iPhone.Build.0 = Release|Any CPU
		{24CE3C36-16B9-426D-AA0C-5961ECF8D88C}.Release|iPhone.Deploy.0 = Release|Any CPU
		{24CE3C36-16B9-426D-AA0C-5961ECF8D88C}.Release|iPhoneSimulator.ActiveCfg = Release|Any CPU
		{24CE3C36-16B9-426D-AA0C-5961ECF8D88C}.Release|iPhoneSimulator.Build.0 = Release|Any CPU
		{24CE3C36-16B9-426D-AA0C-5961ECF8D88C}.Release|iPhoneSimulator.Deploy.0 = Release|Any CPU
		{24CE3C36-16B9-426D-AA0C-5961ECF8D88C}.Release|x64.ActiveCfg = Release|Any CPU
		{24CE3C36-16B9-426D-AA0C-5961ECF8D88C}.Release|x64.Build.0 = Release|Any CPU
		{24CE3C36-16B9-426D-AA0C-5961ECF8D88C}.Release|x64.Deploy.0 = Release|Any CPU
		{24CE3C36-16B9-426D-AA0C-5961ECF8D88C}.Release|x86.ActiveCfg = Release|Any CPU
		{24CE3C36-16B9-426D-AA0C-5961ECF8D88C}.Release|x86.Build.0 = Release|Any CPU
		{24CE3C36-16B9-426D-AA0C-5961ECF8D88C}.Release|x86.Deploy.0 = Release|Any CPU
		{0A307641-ED7F-43F2-82A5-DF0B76E7AB7C}.Debug|Any CPU.ActiveCfg = Debug|iPhoneSimulator
		{0A307641-ED7F-43F2-82A5-DF0B76E7AB7C}.Debug|Any CPU.Build.0 = Debug|iPhoneSimulator
		{0A307641-ED7F-43F2-82A5-DF0B76E7AB7C}.Debug|Any CPU.Deploy.0 = Debug|iPhoneSimulator
		{0A307641-ED7F-43F2-82A5-DF0B76E7AB7C}.Debug|ARM.ActiveCfg = Debug|iPhone
		{0A307641-ED7F-43F2-82A5-DF0B76E7AB7C}.Debug|ARM.Build.0 = Debug|iPhone
		{0A307641-ED7F-43F2-82A5-DF0B76E7AB7C}.Debug|ARM.Deploy.0 = Debug|iPhone
		{0A307641-ED7F-43F2-82A5-DF0B76E7AB7C}.Debug|iPhone.ActiveCfg = Debug|iPhone
		{0A307641-ED7F-43F2-82A5-DF0B76E7AB7C}.Debug|iPhone.Build.0 = Debug|iPhone
		{0A307641-ED7F-43F2-82A5-DF0B76E7AB7C}.Debug|iPhone.Deploy.0 = Debug|iPhone
		{0A307641-ED7F-43F2-82A5-DF0B76E7AB7C}.Debug|iPhoneSimulator.ActiveCfg = Debug|iPhoneSimulator
		{0A307641-ED7F-43F2-82A5-DF0B76E7AB7C}.Debug|iPhoneSimulator.Build.0 = Debug|iPhoneSimulator
		{0A307641-ED7F-43F2-82A5-DF0B76E7AB7C}.Debug|iPhoneSimulator.Deploy.0 = Debug|iPhoneSimulator
		{0A307641-ED7F-43F2-82A5-DF0B76E7AB7C}.Debug|x64.ActiveCfg = Debug|iPhone
		{0A307641-ED7F-43F2-82A5-DF0B76E7AB7C}.Debug|x64.Build.0 = Debug|iPhone
		{0A307641-ED7F-43F2-82A5-DF0B76E7AB7C}.Debug|x64.Deploy.0 = Debug|iPhone
		{0A307641-ED7F-43F2-82A5-DF0B76E7AB7C}.Debug|x86.ActiveCfg = Debug|iPhone
		{0A307641-ED7F-43F2-82A5-DF0B76E7AB7C}.Debug|x86.Build.0 = Debug|iPhone
		{0A307641-ED7F-43F2-82A5-DF0B76E7AB7C}.Debug|x86.Deploy.0 = Debug|iPhone
		{0A307641-ED7F-43F2-82A5-DF0B76E7AB7C}.Release|Any CPU.ActiveCfg = Release|iPhone
		{0A307641-ED7F-43F2-82A5-DF0B76E7AB7C}.Release|Any CPU.Build.0 = Release|iPhone
		{0A307641-ED7F-43F2-82A5-DF0B76E7AB7C}.Release|Any CPU.Deploy.0 = Release|iPhone
		{0A307641-ED7F-43F2-82A5-DF0B76E7AB7C}.Release|ARM.ActiveCfg = Release|iPhone
		{0A307641-ED7F-43F2-82A5-DF0B76E7AB7C}.Release|ARM.Build.0 = Release|iPhone
		{0A307641-ED7F-43F2-82A5-DF0B76E7AB7C}.Release|ARM.Deploy.0 = Release|iPhone
		{0A307641-ED7F-43F2-82A5-DF0B76E7AB7C}.Release|iPhone.ActiveCfg = Release|iPhone
		{0A307641-ED7F-43F2-82A5-DF0B76E7AB7C}.Release|iPhone.Build.0 = Release|iPhone
		{0A307641-ED7F-43F2-82A5-DF0B76E7AB7C}.Release|iPhone.Deploy.0 = Release|iPhone
		{0A307641-ED7F-43F2-82A5-DF0B76E7AB7C}.Release|iPhoneSimulator.ActiveCfg = Release|iPhoneSimulator
		{0A307641-ED7F-43F2-82A5-DF0B76E7AB7C}.Release|iPhoneSimulator.Build.0 = Release|iPhoneSimulator
		{0A307641-ED7F-43F2-82A5-DF0B76E7AB7C}.Release|iPhoneSimulator.Deploy.0 = Release|iPhoneSimulator
		{0A307641-ED7F-43F2-82A5-DF0B76E7AB7C}.Release|x64.ActiveCfg = Release|iPhone
		{0A307641-ED7F-43F2-82A5-DF0B76E7AB7C}.Release|x64.Build.0 = Release|iPhone
		{0A307641-ED7F-43F2-82A5-DF0B76E7AB7C}.Release|x64.Deploy.0 = Release|iPhone
		{0A307641-ED7F-43F2-82A5-DF0B76E7AB7C}.Release|x86.ActiveCfg = Release|iPhone
		{0A307641-ED7F-43F2-82A5-DF0B76E7AB7C}.Release|x86.Build.0 = Release|iPhone
		{0A307641-ED7F-43F2-82A5-DF0B76E7AB7C}.Release|x86.Deploy.0 = Release|iPhone
		{62AFD8A7-C0E0-4208-91CF-BF73F2AAB809}.Debug|Any CPU.ActiveCfg = Debug|x86
		{62AFD8A7-C0E0-4208-91CF-BF73F2AAB809}.Debug|Any CPU.Build.0 = Debug|x86
		{62AFD8A7-C0E0-4208-91CF-BF73F2AAB809}.Debug|Any CPU.Deploy.0 = Debug|x86
		{62AFD8A7-C0E0-4208-91CF-BF73F2AAB809}.Debug|ARM.ActiveCfg = Debug|ARM
		{62AFD8A7-C0E0-4208-91CF-BF73F2AAB809}.Debug|ARM.Build.0 = Debug|ARM
		{62AFD8A7-C0E0-4208-91CF-BF73F2AAB809}.Debug|ARM.Deploy.0 = Debug|ARM
		{62AFD8A7-C0E0-4208-91CF-BF73F2AAB809}.Debug|iPhone.ActiveCfg = Debug|x86
		{62AFD8A7-C0E0-4208-91CF-BF73F2AAB809}.Debug|iPhone.Build.0 = Debug|x86
		{62AFD8A7-C0E0-4208-91CF-BF73F2AAB809}.Debug|iPhone.Deploy.0 = Debug|x86
		{62AFD8A7-C0E0-4208-91CF-BF73F2AAB809}.Debug|iPhoneSimulator.ActiveCfg = Debug|x86
		{62AFD8A7-C0E0-4208-91CF-BF73F2AAB809}.Debug|iPhoneSimulator.Build.0 = Debug|x86
		{62AFD8A7-C0E0-4208-91CF-BF73F2AAB809}.Debug|iPhoneSimulator.Deploy.0 = Debug|x86
		{62AFD8A7-C0E0-4208-91CF-BF73F2AAB809}.Debug|x64.ActiveCfg = Debug|x64
		{62AFD8A7-C0E0-4208-91CF-BF73F2AAB809}.Debug|x64.Build.0 = Debug|x64
		{62AFD8A7-C0E0-4208-91CF-BF73F2AAB809}.Debug|x64.Deploy.0 = Debug|x64
		{62AFD8A7-C0E0-4208-91CF-BF73F2AAB809}.Debug|x86.ActiveCfg = Debug|x86
		{62AFD8A7-C0E0-4208-91CF-BF73F2AAB809}.Debug|x86.Build.0 = Debug|x86
		{62AFD8A7-C0E0-4208-91CF-BF73F2AAB809}.Debug|x86.Deploy.0 = Debug|x86
		{62AFD8A7-C0E0-4208-91CF-BF73F2AAB809}.Release|Any CPU.ActiveCfg = Release|x86
		{62AFD8A7-C0E0-4208-91CF-BF73F2AAB809}.Release|Any CPU.Build.0 = Release|x86
		{62AFD8A7-C0E0-4208-91CF-BF73F2AAB809}.Release|Any CPU.Deploy.0 = Release|x86
		{62AFD8A7-C0E0-4208-91CF-BF73F2AAB809}.Release|ARM.ActiveCfg = Release|ARM
		{62AFD8A7-C0E0-4208-91CF-BF73F2AAB809}.Release|ARM.Build.0 = Release|ARM
		{62AFD8A7-C0E0-4208-91CF-BF73F2AAB809}.Release|ARM.Deploy.0 = Release|ARM
		{62AFD8A7-C0E0-4208-91CF-BF73F2AAB809}.Release|iPhone.ActiveCfg = Release|x86
		{62AFD8A7-C0E0-4208-91CF-BF73F2AAB809}.Release|iPhone.Build.0 = Release|x86
		{62AFD8A7-C0E0-4208-91CF-BF73F2AAB809}.Release|iPhone.Deploy.0 = Release|x86
		{62AFD8A7-C0E0-4208-91CF-BF73F2AAB809}.Release|iPhoneSimulator.ActiveCfg = Release|x86
		{62AFD8A7-C0E0-4208-91CF-BF73F2AAB809}.Release|iPhoneSimulator.Build.0 = Release|x86
		{62AFD8A7-C0E0-4208-91CF-BF73F2AAB809}.Release|iPhoneSimulator.Deploy.0 = Release|x86
		{62AFD8A7-C0E0-4208-91CF-BF73F2AAB809}.Release|x64.ActiveCfg = Release|x64
		{62AFD8A7-C0E0-4208-91CF-BF73F2AAB809}.Release|x64.Build.0 = Release|x64
		{62AFD8A7-C0E0-4208-91CF-BF73F2AAB809}.Release|x64.Deploy.0 = Release|x64
		{62AFD8A7-C0E0-4208-91CF-BF73F2AAB809}.Release|x86.ActiveCfg = Release|x86
		{62AFD8A7-C0E0-4208-91CF-BF73F2AAB809}.Release|x86.Build.0 = Release|x86
		{62AFD8A7-C0E0-4208-91CF-BF73F2AAB809}.Release|x86.Deploy.0 = Release|x86
		{05FFF271-88AF-4D8B-B719-DD2B8BE8D11A}.Debug|Any CPU.ActiveCfg = Debug|Any CPU
		{05FFF271-88AF-4D8B-B719-DD2B8BE8D11A}.Debug|Any CPU.Build.0 = Debug|Any CPU
		{05FFF271-88AF-4D8B-B719-DD2B8BE8D11A}.Debug|Any CPU.Deploy.0 = Debug|Any CPU
		{05FFF271-88AF-4D8B-B719-DD2B8BE8D11A}.Debug|ARM.ActiveCfg = Debug|Any CPU
		{05FFF271-88AF-4D8B-B719-DD2B8BE8D11A}.Debug|ARM.Build.0 = Debug|Any CPU
		{05FFF271-88AF-4D8B-B719-DD2B8BE8D11A}.Debug|ARM.Deploy.0 = Debug|Any CPU
		{05FFF271-88AF-4D8B-B719-DD2B8BE8D11A}.Debug|iPhone.ActiveCfg = Debug|Any CPU
		{05FFF271-88AF-4D8B-B719-DD2B8BE8D11A}.Debug|iPhone.Build.0 = Debug|Any CPU
		{05FFF271-88AF-4D8B-B719-DD2B8BE8D11A}.Debug|iPhone.Deploy.0 = Debug|Any CPU
		{05FFF271-88AF-4D8B-B719-DD2B8BE8D11A}.Debug|iPhoneSimulator.ActiveCfg = Debug|Any CPU
		{05FFF271-88AF-4D8B-B719-DD2B8BE8D11A}.Debug|iPhoneSimulator.Build.0 = Debug|Any CPU
		{05FFF271-88AF-4D8B-B719-DD2B8BE8D11A}.Debug|iPhoneSimulator.Deploy.0 = Debug|Any CPU
		{05FFF271-88AF-4D8B-B719-DD2B8BE8D11A}.Debug|x64.ActiveCfg = Debug|Any CPU
		{05FFF271-88AF-4D8B-B719-DD2B8BE8D11A}.Debug|x64.Build.0 = Debug|Any CPU
		{05FFF271-88AF-4D8B-B719-DD2B8BE8D11A}.Debug|x64.Deploy.0 = Debug|Any CPU
		{05FFF271-88AF-4D8B-B719-DD2B8BE8D11A}.Debug|x86.ActiveCfg = Debug|Any CPU
		{05FFF271-88AF-4D8B-B719-DD2B8BE8D11A}.Debug|x86.Build.0 = Debug|Any CPU
		{05FFF271-88AF-4D8B-B719-DD2B8BE8D11A}.Debug|x86.Deploy.0 = Debug|Any CPU
		{05FFF271-88AF-4D8B-B719-DD2B8BE8D11A}.Release|Any CPU.ActiveCfg = Release|Any CPU
		{05FFF271-88AF-4D8B-B719-DD2B8BE8D11A}.Release|Any CPU.Build.0 = Release|Any CPU
		{05FFF271-88AF-4D8B-B719-DD2B8BE8D11A}.Release|Any CPU.Deploy.0 = Release|Any CPU
		{05FFF271-88AF-4D8B-B719-DD2B8BE8D11A}.Release|ARM.ActiveCfg = Release|Any CPU
		{05FFF271-88AF-4D8B-B719-DD2B8BE8D11A}.Release|ARM.Build.0 = Release|Any CPU
		{05FFF271-88AF-4D8B-B719-DD2B8BE8D11A}.Release|ARM.Deploy.0 = Release|Any CPU
		{05FFF271-88AF-4D8B-B719-DD2B8BE8D11A}.Release|iPhone.ActiveCfg = Release|Any CPU
		{05FFF271-88AF-4D8B-B719-DD2B8BE8D11A}.Release|iPhone.Build.0 = Release|Any CPU
		{05FFF271-88AF-4D8B-B719-DD2B8BE8D11A}.Release|iPhone.Deploy.0 = Release|Any CPU
		{05FFF271-88AF-4D8B-B719-DD2B8BE8D11A}.Release|iPhoneSimulator.ActiveCfg = Release|Any CPU
		{05FFF271-88AF-4D8B-B719-DD2B8BE8D11A}.Release|iPhoneSimulator.Build.0 = Release|Any CPU
		{05FFF271-88AF-4D8B-B719-DD2B8BE8D11A}.Release|iPhoneSimulator.Deploy.0 = Release|Any CPU
		{05FFF271-88AF-4D8B-B719-DD2B8BE8D11A}.Release|x64.ActiveCfg = Release|Any CPU
		{05FFF271-88AF-4D8B-B719-DD2B8BE8D11A}.Release|x64.Build.0 = Release|Any CPU
		{05FFF271-88AF-4D8B-B719-DD2B8BE8D11A}.Release|x64.Deploy.0 = Release|Any CPU
		{05FFF271-88AF-4D8B-B719-DD2B8BE8D11A}.Release|x86.ActiveCfg = Release|Any CPU
		{05FFF271-88AF-4D8B-B719-DD2B8BE8D11A}.Release|x86.Build.0 = Release|Any CPU
		{05FFF271-88AF-4D8B-B719-DD2B8BE8D11A}.Release|x86.Deploy.0 = Release|Any CPU
	EndGlobalSection
	GlobalSection(SolutionProperties) = preSolution
		HideSolutionNode = FALSE
	EndGlobalSection
	GlobalSection(ExtensibilityGlobals) = postSolution
		SolutionGuid = {485FB9C2-0668-47B0-9EFB-7C7B94810A13}
	EndGlobalSection
EndGlobal
